
Microsoft Visual Studio Solution File, Format Version 12.00
# Visual Studio Version 17
VisualStudioVersion = 17.13.36105.23
MinimumVisualStudioVersion = 10.0.40219.1
Project("{FAE04EC0-301F-11D3-BF4B-00C04F79EFBC}") = "FileUpload", "..\FileUpload\FileUpload.csproj", "{CC819212-B230-0C23-47BF-3B5104FD8F11}"
EndProject
Project("{FAE04EC0-301F-11D3-BF4B-00C04F79EFBC}") = "FrontendApp", "..\FrontendApp\FrontendApp.csproj", "{7D09A1B6-CAEC-0204-4113-0D26C95FB276}"
EndProject
Project("{2150E333-8FDC-42A3-9474-1A3956D46DE8}") = "Read Me", "Read Me", "{02EA681E-C7D8-13C7-8484-4AC65E1B71E8}"
	ProjectSection(SolutionItems) = preProject
		..\..\..\OneDrive\Documents\HollandMountain\Read Me.docx = ..\..\..\OneDrive\Documents\HollandMountain\Read Me.docx
	EndProjectSection
EndProject
Global
	GlobalSection(SolutionConfigurationPlatforms) = preSolution
		Debug|Any CPU = Debug|Any CPU
		Release|Any CPU = Release|Any CPU
	EndGlobalSection
	GlobalSection(ProjectConfigurationPlatforms) = postSolution
		{CC819212-B230-0C23-47BF-3B5104FD8F11}.Debug|Any CPU.ActiveCfg = Debug|Any CPU
		{CC819212-B230-0C23-47BF-3B5104FD8F11}.Debug|Any CPU.Build.0 = Debug|Any CPU
		{CC819212-B230-0C23-47BF-3B5104FD8F11}.Release|Any CPU.ActiveCfg = Release|Any CPU
		{CC819212-B230-0C23-47BF-3B5104FD8F11}.Release|Any CPU.Build.0 = Release|Any CPU
		{7D09A1B6-CAEC-0204-4113-0D26C95FB276}.Debug|Any CPU.ActiveCfg = Debug|Any CPU
		{7D09A1B6-CAEC-0204-4113-0D26C95FB276}.Debug|Any CPU.Build.0 = Debug|Any CPU
		{7D09A1B6-CAEC-0204-4113-0D26C95FB276}.Release|Any CPU.ActiveCfg = Release|Any CPU
		{7D09A1B6-CAEC-0204-4113-0D26C95FB276}.Release|Any CPU.Build.0 = Release|Any CPU
	EndGlobalSection
	GlobalSection(SolutionProperties) = preSolution
		HideSolutionNode = FALSE
	EndGlobalSection
	GlobalSection(ExtensibilityGlobals) = postSolution
		SolutionGuid = {4C9726CA-4713-4346-9B9F-2657F0208328}
	EndGlobalSection
EndGlobal
